// !$*UTF8*$!
{
	archiveVersion = 1;
	classes = {
	};
	objectVersion = 55;
	objects = {

/* Begin PBXBuildFile section */
		94BADD1927FD4E4700758976 /* AppDelegate.swift in Sources */ = {isa = PBXBuildFile; fileRef = 94BADD1827FD4E4700758976 /* AppDelegate.swift */; };
		94BADD1B27FD4E4700758976 /* SceneDelegate.swift in Sources */ = {isa = PBXBuildFile; fileRef = 94BADD1A27FD4E4700758976 /* SceneDelegate.swift */; };
		94BADD1D27FD4E4700758976 /* ViewController.swift in Sources */ = {isa = PBXBuildFile; fileRef = 94BADD1C27FD4E4700758976 /* ViewController.swift */; };
		94BADD2027FD4E4700758976 /* Main.storyboard in Resources */ = {isa = PBXBuildFile; fileRef = 94BADD1E27FD4E4700758976 /* Main.storyboard */; };
		94BADD2327FD4E4700758976 /* CrudOperationCoreData.xcdatamodeld in Sources */ = {isa = PBXBuildFile; fileRef = 94BADD2127FD4E4700758976 /* CrudOperationCoreData.xcdatamodeld */; };
		94BADD2527FD4E4700758976 /* Assets.xcassets in Resources */ = {isa = PBXBuildFile; fileRef = 94BADD2427FD4E4700758976 /* Assets.xcassets */; };
		94BADD2827FD4E4700758976 /* LaunchScreen.storyboard in Resources */ = {isa = PBXBuildFile; fileRef = 94BADD2627FD4E4700758976 /* LaunchScreen.storyboard */; };
/* End PBXBuildFile section */

/* Begin PBXFileReference section */
		94BADD1527FD4E4700758976 /* CrudOperationCoreData.app */ = {isa = PBXFileReference; explicitFileType = wrapper.application; includeInIndex = 0; path = CrudOperationCoreData.app; sourceTree = BUILT_PRODUCTS_DIR; };
		94BADD1827FD4E4700758976 /* AppDelegate.swift */ = {isa = PBXFileReference; lastKnownFileType = sourcecode.swift; path = AppDelegate.swift; sourceTree = "<group>"; };
		94BADD1A27FD4E4700758976 /* SceneDelegate.swift */ = {isa = PBXFileReference; lastKnownFileType = sourcecode.swift; path = SceneDelegate.swift; sourceTree = "<group>"; };
		94BADD1C27FD4E4700758976 /* ViewController.swift */ = {isa = PBXFileReference; lastKnownFileType = sourcecode.swift; path = ViewController.swift; sourceTree = "<group>"; };
		94BADD1F27FD4E4700758976 /* Base */ = {isa = PBXFileReference; lastKnownFileType = file.storyboard; name = Base; path = Base.lproj/Main.storyboard; sourceTree = "<group>"; };
		94BADD2227FD4E4700758976 /* CrudOperationCoreData.xcdatamodel */ = {isa = PBXFileReference; lastKnownFileType = wrapper.xcdatamodel; path = CrudOperationCoreData.xcdatamodel; sourceTree = "<group>"; };
		94BADD2427FD4E4700758976 /* Assets.xcassets */ = {isa = PBXFileReference; lastKnownFileType = folder.assetcatalog; path = Assets.xcassets; sourceTree = "<group>"; };
		94BADD2727FD4E4700758976 /* Base */ = {isa = PBXFileReference; lastKnownFileType = file.storyboard; name = Base; path = Base.lproj/LaunchScreen.storyboard; sourceTree = "<group>"; };
		94BADD2927FD4E4700758976 /* Info.plist */ = {isa = PBXFileReference; lastKnownFileType = text.plist.xml; path = Info.plist; sourceTree = "<group>"; };
/* End PBXFileReference section */

/* Begin PBXFrameworksBuildPhase section */
		94BADD1227FD4E4700758976 /* Frameworks */ = {
			isa = PBXFrameworksBuildPhase;
			buildActionMask = 2147483647;
			files = (
			);
			runOnlyForDeploymentPostprocessing = 0;
		};
/* End PBXFrameworksBuildPhase section */

/* Begin PBXGroup section */
		94BADD0C27FD4E4700758976 = {
			isa = PBXGroup;
			children = (
				94BADD1727FD4E4700758976 /* CrudOperationCoreData */,
				94BADD1627FD4E4700758976 /* Products */,
			);
			sourceTree = "<group>";
		};
		94BADD1627FD4E4700758976 /* Products */ = {
			isa = PBXGroup;
			children = (
				94BADD1527FD4E4700758976 /* CrudOperationCoreData.app */,
			);
			name = Products;
			sourceTree = "<group>";
		};
		94BADD1727FD4E4700758976 /* CrudOperationCoreData */ = {
			isa = PBXGroup;
			children = (
				94BADD1827FD4E4700758976 /* AppDelegate.swift */,
				94BADD1A27FD4E4700758976 /* SceneDelegate.swift */,
				94BADD1C27FD4E4700758976 /* ViewController.swift */,
				94BADD1E27FD4E4700758976 /* Main.storyboard */,
				94BADD2427FD4E4700758976 /* Assets.xcassets */,
				94BADD2627FD4E4700758976 /* LaunchScreen.storyboard */,
				94BADD2927FD4E4700758976 /* Info.plist */,
				94BADD2127FD4E4700758976 /* CrudOperationCoreData.xcdatamodeld */,
			);
			path = CrudOperationCoreData;
			sourceTree = "<group>";
		};
/* End PBXGroup section */

/* Begin PBXNativeTarget section */
		94BADD1427FD4E4700758976 /* CrudOperationCoreData */ = {
			isa = PBXNativeTarget;
			buildConfigurationList = 94BADD2C27FD4E4700758976 /* Build configuration list for PBXNativeTarget "CrudOperationCoreData" */;
			buildPhases = (
				94BADD1127FD4E4700758976 /* Sources */,
				94BADD1227FD4E4700758976 /* Frameworks */,
				94BADD1327FD4E4700758976 /* Resources */,
			);
			buildRules = (
			);
			dependencies = (
			);
			name = CrudOperationCoreData;
			productName = CrudOperationCoreData;
			productReference = 94BADD1527FD4E4700758976 /* CrudOperationCoreData.app */;
			productType = "com.apple.product-type.application";
		};
/* End PBXNativeTarget section */

/* Begin PBXProject section */
		94BADD0D27FD4E4700758976 /* Project object */ = {
			isa = PBXProject;
			attributes = {
				BuildIndependentTargetsInParallel = 1;
				LastSwiftUpdateCheck = 1330;
				LastUpgradeCheck = 1330;
				TargetAttributes = {
					94BADD1427FD4E4700758976 = {
						CreatedOnToolsVersion = 13.3;
					};
				};
			};
			buildConfigurationList = 94BADD1027FD4E4700758976 /* Build configuration list for PBXProject "CrudOperationCoreData" */;
			compatibilityVersion = "Xcode 13.0";
			developmentRegion = en;
			hasScannedForEncodings = 0;
			knownRegions = (
				en,
				Base,
			);
			mainGroup = 94BADD0C27FD4E4700758976;
			productRefGroup = 94BADD1627FD4E4700758976 /* Products */;
			projectDirPath = "";
			projectRoot = "";
			targets = (
				94BADD1427FD4E4700758976 /* CrudOperationCoreData */,
			);
		};
/* End PBXProject section */

/* Begin PBXResourcesBuildPhase section */
		94BADD1327FD4E4700758976 /* Resources */ = {
			isa = PBXResourcesBuildPhase;
			buildActionMask = 2147483647;
			files = (
				94BADD2827FD4E4700758976 /* LaunchScreen.storyboard in Resources */,
				94BADD2527FD4E4700758976 /* Assets.xcassets in Resources */,
				94BADD2027FD4E4700758976 /* Main.storyboard in Resources */,
			);
			runOnlyForDeploymentPostprocessing = 0;
		};
/* End PBXResourcesBuildPhase section */

/* Begin PBXSourcesBuildPhase section */
		94BADD1127FD4E4700758976 /* Sources */ = {
			isa = PBXSourcesBuildPhase;
			buildActionMask = 2147483647;
			files = (
				94BADD2327FD4E4700758976 /* CrudOperationCoreData.xcdatamodeld in Sources */,
				94BADD1D27FD4E4700758976 /* ViewController.swift in Sources */,
				94BADD1927FD4E4700758976 /* AppDelegate.swift in Sources */,
				94BADD1B27FD4E4700758976 /* SceneDelegate.swift in Sources */,
			);
			runOnlyForDeploymentPostprocessing = 0;
		};
/* End PBXSourcesBuildPhase section */

/* Begin PBXVariantGroup section */
		94BADD1E27FD4E4700758976 /* Main.storyboard */ = {
			isa = PBXVariantGroup;
			children = (
				94BADD1F27FD4E4700758976 /* Base */,
			);
			name = Main.storyboard;
			sourceTree = "<group>";
		};
		94BADD2627FD4E4700758976 /* LaunchScreen.storyboard */ = {
			isa = PBXVariantGroup;
			children = (
				94BADD2727FD4E4700758976 /* Base */,
			);
			name = LaunchScreen.storyboard;
			sourceTree = "<group>";
		};
/* End PBXVariantGroup section */

/* Begin XCBuildConfiguration section */
		94BADD2A27FD4E4700758976 /* Debug */ = {
			isa = XCBuildConfiguration;
			buildSettings = {
				ALWAYS_SEARCH_USER_PATHS = NO;
				CLANG_ANALYZER_NONNULL = YES;
				CLANG_ANALYZER_NUMBER_OBJECT_CONVERSION = YES_AGGRESSIVE;
				CLANG_CXX_LANGUAGE_STANDARD = "gnu++17";
				CLANG_ENABLE_MODULES = YES;
				CLANG_ENABLE_OBJC_ARC = YES;
				CLANG_ENABLE_OBJC_WEAK = YES;
				CLANG_WARN_BLOCK_CAPTURE_AUTORELEASING = YES;
				CLANG_WARN_BOOL_CONVERSION = YES;
				CLANG_WARN_COMMA = YES;
				CLANG_WARN_CONSTANT_CONVERSION = YES;
				CLANG_WARN_DEPRECATED_OBJC_IMPLEMENTATIONS = YES;
				CLANG_WARN_DIRECT_OBJC_ISA_USAGE = YES_ERROR;
				CLANG_WARN_DOCUMENTATION_COMMENTS = YES;
				CLANG_WARN_EMPTY_BODY = YES;
				CLANG_WARN_ENUM_CONVERSION = YES;
				CLANG_WARN_INFINITE_RECURSION = YES;
				CLANG_WARN_INT_CONVERSION = YES;
				CLANG_WARN_NON_LITERAL_NULL_CONVERSION = YES;
				CLANG_WARN_OBJC_IMPLICIT_RETAIN_SELF = YES;
				CLANG_WARN_OBJC_LITERAL_CONVERSION = YES;
				CLANG_WARN_OBJC_ROOT_CLASS = YES_ERROR;
				CLANG_WARN_QUOTED_INCLUDE_IN_FRAMEWORK_HEADER = YES;
				CLANG_WARN_RANGE_LOOP_ANALYSIS = YES;
				CLANG_WARN_STRICT_PROTOTYPES = YES;
				CLANG_WARN_SUSPICIOUS_MOVE = YES;
				CLANG_WARN_UNGUARDED_AVAILABILITY = YES_AGGRESSIVE;
				CLANG_WARN_UNREACHABLE_CODE = YES;
				CLANG_WARN__DUPLICATE_METHOD_MATCH = YES;
				COPY_PHASE_STRIP = NO;
				DEBUG_INFORMATION_FORMAT = dwarf;
				ENABLE_STRICT_OBJC_MSGSEND = YES;
				ENABLE_TESTABILITY = YES;
				GCC_C_LANGUAGE_STANDARD = gnu11;
				GCC_DYNAMIC_NO_PIC = NO;
				GCC_NO_COMMON_BLOCKS = YES;
				GCC_OPTIMIZATION_LEVEL = 0;
				GCC_PREPROCESSOR_DEFINITIONS = (
					"DEBUG=1",
					"$(inherited)",
				);
				GCC_WARN_64_TO_32_BIT_CONVERSION = YES;
				GCC_WARN_ABOUT_RETURN_TYPE = YES_ERROR;
				GCC_WARN_UNDECLARED_SELECTOR = YES;
				GCC_WARN_UNINITIALIZED_AUTOS = YES_AGGRESSIVE;
				GCC_WARN_UNUSED_FUNCTION = YES;
				GCC_WARN_UNUSED_VARIABLE = YES;
				IPHONEOS_DEPLOYMENT_TARGET = 15.4;
				MTL_ENABLE_DEBUG_INFO = INCLUDE_SOURCE;
				MTL_FAST_MATH = YES;
				ONLY_ACTIVE_ARCH = YES;
				SDKROOT = iphoneos;
				SWIFT_ACTIVE_COMPILATION_CONDITIONS = DEBUG;
				SWIFT_OPTIMIZATION_LEVEL = "-Onone";
			};
			name = Debug;
		};
		94BADD2B27FD4E4700758976 /* Release */ = {
			isa = XCBuildConfiguration;
			buildSettings = {
				ALWAYS_SEARCH_USER_PATHS = NO;
				CLANG_ANALYZER_NONNULL = YES;
				CLANG_ANALYZER_NUMBER_OBJECT_CONVERSION = YES_AGGRESSIVE;
				CLANG_CXX_LANGUAGE_STANDARD = "gnu++17";
				CLANG_ENABLE_MODULES = YES;
				CLANG_ENABLE_OBJC_ARC = YES;
				CLANG_ENABLE_OBJC_WEAK = YES;
				CLANG_WARN_BLOCK_CAPTURE_AUTORELEASING = YES;
				CLANG_WARN_BOOL_CONVERSION = YES;
				CLANG_WARN_COMMA = YES;
				CLANG_WARN_CONSTANT_CONVERSION = YES;
				CLANG_WARN_DEPRECATED_OBJC_IMPLEMENTATIONS = YES;
				CLANG_WARN_DIRECT_OBJC_ISA_USAGE = YES_ERROR;
				CLANG_WARN_DOCUMENTATION_COMMENTS = YES;
				CLANG_WARN_EMPTY_BODY = YES;
				CLANG_WARN_ENUM_CONVERSION = YES;
				CLANG_WARN_INFINITE_RECURSION = YES;
				CLANG_WARN_INT_CONVERSION = YES;
				CLANG_WARN_NON_LITERAL_NULL_CONVERSION = YES;
				CLANG_WARN_OBJC_IMPLICIT_RETAIN_SELF = YES;
				CLANG_WARN_OBJC_LITERAL_CONVERSION = YES;
				CLANG_WARN_OBJC_ROOT_CLASS = YES_ERROR;
				CLANG_WARN_QUOTED_INCLUDE_IN_FRAMEWORK_HEADER = YES;
				CLANG_WARN_RANGE_LOOP_ANALYSIS = YES;
				CLANG_WARN_STRICT_PROTOTYPES = YES;
				CLANG_WARN_SUSPICIOUS_MOVE = YES;
				CLANG_WARN_UNGUARDED_AVAILABILITY = YES_AGGRESSIVE;
				CLANG_WARN_UNREACHABLE_CODE = YES;
				CLANG_WARN__DUPLICATE_METHOD_MATCH = YES;
				COPY_PHASE_STRIP = NO;
				DEBUG_INFORMATION_FORMAT = "dwarf-with-dsym";
				ENABLE_NS_ASSERTIONS = NO;
				ENABLE_STRICT_OBJC_MSGSEND = YES;
				GCC_C_LANGUAGE_STANDARD = gnu11;
				GCC_NO_COMMON_BLOCKS = YES;
				GCC_WARN_64_TO_32_BIT_CONVERSION = YES;
				GCC_WARN_ABOUT_RETURN_TYPE = YES_ERROR;
				GCC_WARN_UNDECLARED_SELECTOR = YES;
				GCC_WARN_UNINITIALIZED_AUTOS = YES_AGGRESSIVE;
				GCC_WARN_UNUSED_FUNCTION = YES;
				GCC_WARN_UNUSED_VARIABLE = YES;
				IPHONEOS_DEPLOYMENT_TARGET = 15.4;
				MTL_ENABLE_DEBUG_INFO = NO;
				MTL_FAST_MATH = YES;
				SDKROOT = iphoneos;
				SWIFT_COMPILATION_MODE = wholemodule;
				SWIFT_OPTIMIZATION_LEVEL = "-O";
				VALIDATE_PRODUCT = YES;
			};
			name = Release;
		};
		94BADD2D27FD4E4700758976 /* Debug */ = {
			isa = XCBuildConfiguration;
			buildSettings = {
				ASSETCATALOG_COMPILER_APPICON_NAME = AppIcon;
				ASSETCATALOG_COMPILER_GLOBAL_ACCENT_COLOR_NAME = AccentColor;
				CODE_SIGN_STYLE = Automatic;
				CURRENT_PROJECT_VERSION = 1;
				DEVELOPMENT_TEAM = 98DGNSG9AY;
				GENERATE_INFOPLIST_FILE = YES;
				INFOPLIST_FILE = CrudOperationCoreData/Info.plist;
				INFOPLIST_KEY_UIApplicationSupportsIndirectInputEvents = YES;
				INFOPLIST_KEY_UILaunchStoryboardName = LaunchScreen;
				INFOPLIST_KEY_UIMainStoryboardFile = Main;
				INFOPLIST_KEY_UISupportedInterfaceOrientations_iPad = "UIInterfaceOrientationPortrait UIInterfaceOrientationPortraitUpsideDown UIInterfaceOrientationLandscapeLeft UIInterfaceOrientationLandscapeRight";
				INFOPLIST_KEY_UISupportedInterfaceOrientations_iPhone = "UIInterfaceOrientationPortrait UIInterfaceOrientationLandscapeLeft UIInterfaceOrientationLandscapeRight";
				LD_RUNPATH_SEARCH_PATHS = (
					"$(inherited)",
					"@executable_path/Frameworks",
				);
				MARKETING_VERSION = 1.0;
				PRODUCT_BUNDLE_IDENTIFIER = ryan.CrudOperationCoreData;
				PRODUCT_NAME = "$(TARGET_NAME)";
				SWIFT_EMIT_LOC_STRINGS = YES;
				SWIFT_VERSION = 5.0;
				TARGETED_DEVICE_FAMILY = "1,2";
			};
			name = Debug;
		};
		94BADD2E27FD4E4700758976 /* Release */ = {
			isa = XCBuildConfiguration;
			buildSettings = {
				ASSETCATALOG_COMPILER_APPICON_NAME = AppIcon;
				ASSETCATALOG_COMPILER_GLOBAL_ACCENT_COLOR_NAME = AccentColor;
				CODE_SIGN_STYLE = Automatic;
				CURRENT_PROJECT_VERSION = 1;
				DEVELOPMENT_TEAM = 98DGNSG9AY;
				GENERATE_INFOPLIST_FILE = YES;
				INFOPLIST_FILE = CrudOperationCoreData/Info.plist;
				INFOPLIST_KEY_UIApplicationSupportsIndirectInputEvents = YES;
				INFOPLIST_KEY_UILaunchStoryboardName = LaunchScreen;
				INFOPLIST_KEY_UIMainStoryboardFile = Main;
				INFOPLIST_KEY_UISupportedInterfaceOrientations_iPad = "UIInterfaceOrientationPortrait UIInterfaceOrientationPortraitUpsideDown UIInterfaceOrientationLandscapeLeft UIInterfaceOrientationLandscapeRight";
				INFOPLIST_KEY_UISupportedInterfaceOrientations_iPhone = "UIInterfaceOrientationPortrait UIInterfaceOrientationLandscapeLeft UIInterfaceOrientationLandscapeRight";
				LD_RUNPATH_SEARCH_PATHS = (
					"$(inherited)",
					"@executable_path/Frameworks",
				);
				MARKETING_VERSION = 1.0;
				PRODUCT_BUNDLE_IDENTIFIER = ryan.CrudOperationCoreData;
				PRODUCT_NAME = "$(TARGET_NAME)";
				SWIFT_EMIT_LOC_STRINGS = YES;
				SWIFT_VERSION = 5.0;
				TARGETED_DEVICE_FAMILY = "1,2";
			};
			name = Release;
		};
/* End XCBuildConfiguration section */

/* Begin XCConfigurationList section */
		94BADD1027FD4E4700758976 /* Build configuration list for PBXProject "CrudOperationCoreData" */ = {
			isa = XCConfigurationList;
			buildConfigurations = (
				94BADD2A27FD4E4700758976 /* Debug */,
				94BADD2B27FD4E4700758976 /* Release */,
			);
			defaultConfigurationIsVisible = 0;
			defaultConfigurationName = Release;
		};
		94BADD2C27FD4E4700758976 /* Build configuration list for PBXNativeTarget "CrudOperationCoreData" */ = {
			isa = XCConfigurationList;
			buildConfigurations = (
				94BADD2D27FD4E4700758976 /* Debug */,
				94BADD2E27FD4E4700758976 /* Release */,
			);
			defaultConfigurationIsVisible = 0;
			defaultConfigurationName = Release;
		};
/* End XCConfigurationList section */

/* Begin XCVersionGroup section */
		94BADD2127FD4E4700758976 /* CrudOperationCoreData.xcdatamodeld */ = {
			isa = XCVersionGroup;
			children = (
				94BADD2227FD4E4700758976 /* CrudOperationCoreData.xcdatamodel */,
			);
			currentVersion = 94BADD2227FD4E4700758976 /* CrudOperationCoreData.xcdatamodel */;
			path = CrudOperationCoreData.xcdatamodeld;
			sourceTree = "<group>";
			versionGroupType = wrapper.xcdatamodel;
		};
/* End XCVersionGroup section */
	};
	rootObject = 94BADD0D27FD4E4700758976 /* Project object */;
}
